// !$*UTF8*$!
{
	archiveVersion = 1;
	classes = {
	};
	objectVersion = 110;
	objects = {

/* Begin PBXBuildFile section */
		5BA38E3D30701EF9000A6429 /* Course_2_Assessment__Personality_Quiz_ProjectApp.swift in Sources */ = {isa = PBXBuildFile; fileRef = 5BA38E3430701D67000A6429 /* Course_2_Assessment__Personality_Quiz_ProjectApp.swift */; };
		5BA38E3E30701F09000A6429 /* ContentView.swift in Sources */ = {isa = PBXBuildFile; fileRef = 5BA38E3330701D67000A6429 /* ContentView.swift */; };
		5BA38E3F30701F10000A6429 /* MultipleResponseSubview.swift in Sources */ = {isa = PBXBuildFile; fileRef = 5BA38E3530701D67000A6429 /* MultipleResponseSubview.swift */; };
		5BA38E4030701F17000A6429 /* QuestionFlowView.swift in Sources */ = {isa = PBXBuildFile; fileRef = 5BA38E3630701D67000A6429 /* QuestionFlowView.swift */; };
		5BA38E4130701F1D000A6429 /* QuizData.swift in Sources */ = {isa = PBXBuildFile; fileRef = 5BA38E3730701D67000A6429 /* QuizData.swift */; };
		5BA38E4230701F24000A6429 /* RangedResponseSubview.swift in Sources */ = {isa = PBXBuildFile; fileRef = 5BA38E3830701D67000A6429 /* RangedResponseSubview.swift */; };
		5BA38E4330701F2B000A6429 /* ResultsView.swift in Sources */ = {isa = PBXBuildFile; fileRef = 5BA38E3930701D67000A6429 /* ResultsView.swift */; };
		5BA38E4430701F38000A6429 /* SingleResponseSubview.swift in Sources */ = {isa = PBXBuildFile; fileRef = 5BA38E3A30701D67000A6429 /* SingleResponseSubview.swift */; };
		5BA38E4530701F3F000A6429 /* TitleView.swift in Sources */ = {isa = PBXBuildFile; fileRef = 5BA38E3B30701D67000A6429 /* TitleView.swift */; };
/* End PBXBuildFile section */

/* Begin PBXFileReference section */
		5BA38E0F306D8FBB000A6429 /* Course 2 Assessment Personality Quiz Project.app */ = {isa = PBXFileReference; explicitFileType = wrapper.application; includeInIndex = 0; path = "Course 2 Assessment Personality Quiz Project.app"; sourceTree = BUILT_PRODUCTS_DIR; };
		5BA38E3230701D67000A6429 /* Assets.xcassets */ = {isa = PBXFileReference; lastKnownFileType = folder.assetcatalog; path = Assets.xcassets; sourceTree = "<group>"; };
		5BA38E3330701D67000A6429 /* ContentView.swift */ = {isa = PBXFileReference; lastKnownFileType = sourcecode.swift; path = ContentView.swift; sourceTree = "<group>"; };
		5BA38E3430701D67000A6429 /* Course_2_Assessment__Personality_Quiz_ProjectApp.swift */ = {isa = PBXFileReference; lastKnownFileType = sourcecode.swift; path = Course_2_Assessment__Personality_Quiz_ProjectApp.swift; sourceTree = "<group>"; };
		5BA38E3530701D67000A6429 /* MultipleResponseSubview.swift */ = {isa = PBXFileReference; lastKnownFileType = sourcecode.swift; path = MultipleResponseSubview.swift; sourceTree = "<group>"; };
		5BA38E3630701D67000A6429 /* QuestionFlowView.swift */ = {isa = PBXFileReference; lastKnownFileType = sourcecode.swift; path = QuestionFlowView.swift; sourceTree = "<group>"; };
		5BA38E3730701D67000A6429 /* QuizData.swift */ = {isa = PBXFileReference; lastKnownFileType = sourcecode.swift; path = QuizData.swift; sourceTree = "<group>"; };
		5BA38E3830701D67000A6429 /* RangedResponseSubview.swift */ = {isa = PBXFileReference; lastKnownFileType = sourcecode.swift; path = RangedResponseSubview.swift; sourceTree = "<group>"; };
		5BA38E3930701D67000A6429 /* ResultsView.swift */ = {isa = PBXFileReference; lastKnownFileType = sourcecode.swift; path = ResultsView.swift; sourceTree = "<group>"; };
		5BA38E3A30701D67000A6429 /* SingleResponseSubview.swift */ = {isa = PBXFileReference; lastKnownFileType = sourcecode.swift; path = SingleResponseSubview.swift; sourceTree = "<group>"; };
		5BA38E3B30701D67000A6429 /* TitleView.swift */ = {isa = PBXFileReference; lastKnownFileType = sourcecode.swift; path = TitleView.swift; sourceTree = "<group>"; };
/* End PBXFileReference section */

/* Begin PBXFrameworksBuildPhase section */
		5BA38E0C306D8FBB000A6429 /* Frameworks */ = {
			isa = PBXFrameworksBuildPhase;
			files = (
			);
		};
/* End PBXFrameworksBuildPhase section */

/* Begin PBXGroup section */
		5BA38E06306D8FBB000A6429 = {
			isa = PBXGroup;
			children = (
				5BA38E3C30701D67000A6429 /* Course 2 Assessment Personality Quiz Project */,
				5BA38E10306D8FBB000A6429 /* Products */,
			);
			sourceTree = "<group>";
		};
		5BA38E10306D8FBB000A6429 /* Products */ = {
			isa = PBXGroup;
			children = (
				5BA38E0F306D8FBB000A6429 /* Course 2 Assessment Personality Quiz Project.app */,
			);
			name = Products;
			sourceTree = "<group>";
		};
		5BA38E3C30701D67000A6429 /* Course 2 Assessment Personality Quiz Project */ = {
			isa = PBXGroup;
			children = (
				5BA38E3230701D67000A6429 /* Assets.xcassets */,
				5BA38E3330701D67000A6429 /* ContentView.swift */,
				5BA38E3430701D67000A6429 /* Course_2_Assessment__Personality_Quiz_ProjectApp.swift */,
				5BA38E3530701D67000A6429 /* MultipleResponseSubview.swift */,
				5BA38E3630701D67000A6429 /* QuestionFlowView.swift */,
				5BA38E3730701D67000A6429 /* QuizData.swift */,
				5BA38E3830701D67000A6429 /* RangedResponseSubview.swift */,
				5BA38E3930701D67000A6429 /* ResultsView.swift */,
				5BA38E3A30701D67000A6429 /* SingleResponseSubview.swift */,
				5BA38E3B30701D67000A6429 /* TitleView.swift */,
			);
			path = "Course 2 Assessment Personality Quiz Project";
			sourceTree = "<group>";
		};
/* End PBXGroup section */

/* Begin PBXNativeTarget section */
		5BA38E0E306D8FBB000A6429 /* Course 2 Assessment Personality Quiz Project */ = {
			isa = PBXNativeTarget;
			buildConfigurationList = 5BA38E1A306D8FBD000A6429 /* Build configuration list for PBXNativeTarget "Course 2 Assessment Personality Quiz Project" */;
			buildPhases = (
				5BA38E0B306D8FBB000A6429 /* Sources */,
				5BA38E0C306D8FBB000A6429 /* Frameworks */,
				5BA38E0D306D8FBB000A6429 /* Resources */,
			);
			buildRules = (
			);
			name = "Course 2 Assessment Personality Quiz Project";
			productName = "Course 2 Assessment: Personality Quiz Project";
			productReference = 5BA38E0F306D8FBB000A6429 /* Course 2 Assessment Personality Quiz Project.app */;
			productType = "com.apple.product-type.application";
		};
/* End PBXNativeTarget section */

/* Begin PBXProject section */
		5BA38E07306D8FBB000A6429 /* Project object */ = {
			isa = PBXProject;
			attributes = {
				BuildIndependentTargetsInParallel = 1;
				LastSwiftUpdateCheck = 2700;
				LastUpgradeCheck = 2700;
				TargetAttributes = {
					5BA38E0E306D8FBB000A6429 = {
						CreatedOnToolsVersion = 27.0;
					};
				};
			};
			buildConfigurationList = 5BA38E0A306D8FBB000A6429 /* Build configuration list for PBXProject "Course 2 Assessment Personality Quiz Project" */;
			developmentRegion = en;
			hasScannedForEncodings = 0;
			knownRegions = (
				en,
				Base,
			);
			mainGroup = 5BA38E06306D8FBB000A6429;
			minimizedProjectReferenceProxies = 1;
			preferredProjectObjectVersion = 77;
			productRefGroup = 5BA38E10306D8FBB000A6429 /* Products */;
			projectDirPath = "";
			projectRoot = "";
			targets = (
				5BA38E0E306D8FBB000A6429 /* Course 2 Assessment Personality Quiz Project */,
			);
		};
/* End PBXProject section */

/* Begin PBXResourcesBuildPhase section */
		5BA38E0D306D8FBB000A6429 /* Resources */ = {
			isa = PBXResourcesBuildPhase;
			files = (
			);
		};
/* End PBXResourcesBuildPhase section */

/* Begin PBXSourcesBuildPhase section */
		5BA38E0B306D8FBB000A6429 /* Sources */ = {
			isa = PBXSourcesBuildPhase;
			files = (
				5BA38E4030701F17000A6429 /* QuestionFlowView.swift in Sources */,
				5BA38E3E30701F09000A6429 /* ContentView.swift in Sources */,
				5BA38E3F30701F10000A6429 /* MultipleResponseSubview.swift in Sources */,
				5BA38E4230701F24000A6429 /* RangedResponseSubview.swift in Sources */,
				5BA38E4430701F38000A6429 /* SingleResponseSubview.swift in Sources */,
				5BA38E4530701F3F000A6429 /* TitleView.swift in Sources */,
				5BA38E4330701F2B000A6429 /* ResultsView.swift in Sources */,
				5BA38E4130701F1D000A6429 /* QuizData.swift in Sources */,
				5BA38E3D30701EF9000A6429 /* Course_2_Assessment__Personality_Quiz_ProjectApp.swift in Sources */,
			);
		};
/* End PBXSourcesBuildPhase section */

/* Begin XCBuildConfiguration section */
		5BA38E18306D8FBD000A6429 /* Debug configuration for PBXProject "Course 2 Assessment Personality Quiz Project" */ = {
			isa = XCBuildConfiguration;
			buildSettings = {
				ALWAYS_SEARCH_USER_PATHS = NO;
				ASSETCATALOG_COMPILER_GENERATE_SWIFT_ASSET_SYMBOL_EXTENSIONS = YES;
				CLANG_ANALYZER_NONNULL = YES;
				CLANG_ANALYZER_NUMBER_OBJECT_CONVERSION = YES_AGGRESSIVE;
				CLANG_CXX_LANGUAGE_STANDARD = "gnu++20";
				CLANG_ENABLE_MODULES = YES;
				CLANG_ENABLE_OBJC_ARC = YES;
				CLANG_ENABLE_OBJC_WEAK = YES;
				CLANG_WARN_BLOCK_CAPTURE_AUTORELEASING = YES;
				CLANG_WARN_BOOL_CONVERSION = YES;
				CLANG_WARN_COMMA = YES;
				CLANG_WARN_CONSTANT_CONVERSION = YES;
				CLANG_WARN_DEPRECATED_OBJC_IMPLEMENTATIONS = YES;
				CLANG_WARN_DIRECT_OBJC_ISA_USAGE = YES_ERROR;
				CLANG_WARN_DOCUMENTATION_COMMENTS = YES;
				CLANG_WARN_EMPTY_BODY = YES;
				CLANG_WARN_ENUM_CONVERSION = YES;
				CLANG_WARN_INFINITE_RECURSION = YES;
				CLANG_WARN_INT_CONVERSION = YES;
				CLANG_WARN_NON_LITERAL_NULL_CONVERSION = YES;
				CLANG_WARN_OBJC_IMPLICIT_RETAIN_SELF = YES;
				CLANG_WARN_OBJC_LITERAL_CONVERSION = YES;
				CLANG_WARN_OBJC_ROOT_CLASS = YES_ERROR;
				CLANG_WARN_QUOTED_INCLUDE_IN_FRAMEWORK_HEADER = YES;
				CLANG_WARN_RANGE_LOOP_ANALYSIS = YES;
				CLANG_WARN_STRICT_PROTOTYPES = YES;
				CLANG_WARN_SUSPICIOUS_MOVE = YES;
				CLANG_WARN_UNGUARDED_AVAILABILITY = YES_AGGRESSIVE;
				CLANG_WARN_UNREACHABLE_CODE = YES;
				CLANG_WARN__DUPLICATE_METHOD_MATCH = YES;
				COPY_PHASE_STRIP = NO;
				DEBUG_INFORMATION_FORMAT = dwarf;
				DEVELOPMENT_TEAM = 5N3AP5X86Z;
				ENABLE_STRICT_OBJC_MSGSEND = YES;
				ENABLE_TESTABILITY = YES;
				ENABLE_USER_SCRIPT_SANDBOXING = YES;
				GCC_C_LANGUAGE_STANDARD = gnu17;
				GCC_DYNAMIC_NO_PIC = NO;
				GCC_NO_COMMON_BLOCKS = YES;
				GCC_OPTIMIZATION_LEVEL = 0;
				GCC_PREPROCESSOR_DEFINITIONS = (
					"DEBUG=1",
					"$(inherited)",
				);
				GCC_WARN_64_TO_32_BIT_CONVERSION = YES;
				GCC_WARN_ABOUT_RETURN_TYPE = YES_ERROR;
				GCC_WARN_UNDECLARED_SELECTOR = YES;
				GCC_WARN_UNINITIALIZED_AUTOS = YES_AGGRESSIVE;
				GCC_WARN_UNUSED_FUNCTION = YES;
				GCC_WARN_UNUSED_VARIABLE = YES;
				IPHONEOS_DEPLOYMENT_TARGET = 27.0;
				LOCALIZATION_PREFERS_STRING_CATALOGS = YES;
				MTL_ENABLE_DEBUG_INFO = INCLUDE_SOURCE;
				MTL_FAST_MATH = YES;
				ONLY_ACTIVE_ARCH = YES;
				SDKROOT = iphoneos;
				SWIFT_ACTIVE_COMPILATION_CONDITIONS = "DEBUG $(inherited)";
				SWIFT_OPTIMIZATION_LEVEL = "-Onone";
			};
			name = Debug;
		};
		5BA38E19306D8FBD000A6429 /* Release configuration for PBXProject "Course 2 Assessment Personality Quiz Project" */ = {
			isa = XCBuildConfiguration;
			buildSettings = {
				ALWAYS_SEARCH_USER_PATHS = NO;
				ASSETCATALOG_COMPILER_GENERATE_SWIFT_ASSET_SYMBOL_EXTENSIONS = YES;
				CLANG_ANALYZER_NONNULL = YES;
				CLANG_ANALYZER_NUMBER_OBJECT_CONVERSION = YES_AGGRESSIVE;
				CLANG_CXX_LANGUAGE_STANDARD = "gnu++20";
				CLANG_ENABLE_MODULES = YES;
				CLANG_ENABLE_OBJC_ARC = YES;
				CLANG_ENABLE_OBJC_WEAK = YES;
				CLANG_WARN_BLOCK_CAPTURE_AUTORELEASING = YES;
				CLANG_WARN_BOOL_CONVERSION = YES;
				CLANG_WARN_COMMA = YES;
				CLANG_WARN_CONSTANT_CONVERSION = YES;
				CLANG_WARN_DEPRECATED_OBJC_IMPLEMENTATIONS = YES;
				CLANG_WARN_DIRECT_OBJC_ISA_USAGE = YES_ERROR;
				CLANG_WARN_DOCUMENTATION_COMMENTS = YES;
				CLANG_WARN_EMPTY_BODY = YES;
				CLANG_WARN_ENUM_CONVERSION = YES;
				CLANG_WARN_INFINITE_RECURSION = YES;
				CLANG_WARN_INT_CONVERSION = YES;
				CLANG_WARN_NON_LITERAL_NULL_CONVERSION = YES;
				CLANG_WARN_OBJC_IMPLICIT_RETAIN_SELF = YES;
				CLANG_WARN_OBJC_LITERAL_CONVERSION = YES;
				CLANG_WARN_OBJC_ROOT_CLASS = YES_ERROR;
				CLANG_WARN_QUOTED_INCLUDE_IN_FRAMEWORK_HEADER = YES;
				CLANG_WARN_RANGE_LOOP_ANALYSIS = YES;
				CLANG_WARN_STRICT_PROTOTYPES = YES;
				CLANG_WARN_SUSPICIOUS_MOVE = YES;
				CLANG_WARN_UNGUARDED_AVAILABILITY = YES_AGGRESSIVE;
				CLANG_WARN_UNREACHABLE_CODE = YES;
				CLANG_WARN__DUPLICATE_METHOD_MATCH = YES;
				COPY_PHASE_STRIP = NO;
				DEBUG_INFORMATION_FORMAT = "dwarf-with-dsym";
				DEVELOPMENT_TEAM = 5N3AP5X86Z;
				ENABLE_NS_ASSERTIONS = NO;
				ENABLE_STRICT_OBJC_MSGSEND = YES;
				ENABLE_USER_SCRIPT_SANDBOXING = YES;
				GCC_C_LANGUAGE_STANDARD = gnu17;
				GCC_NO_COMMON_BLOCKS = YES;
				GCC_WARN_64_TO_32_BIT_CONVERSION = YES;
				GCC_WARN_ABOUT_RETURN_TYPE = YES_ERROR;
				GCC_WARN_UNDECLARED_SELECTOR = YES;
				GCC_WARN_UNINITIALIZED_AUTOS = YES_AGGRESSIVE;
				GCC_WARN_UNUSED_FUNCTION = YES;
				GCC_WARN_UNUSED_VARIABLE = YES;
				IPHONEOS_DEPLOYMENT_TARGET = 27.0;
				LOCALIZATION_PREFERS_STRING_CATALOGS = YES;
				MTL_ENABLE_DEBUG_INFO = NO;
				MTL_FAST_MATH = YES;
				SDKROOT = iphoneos;
				SWIFT_COMPILATION_MODE = wholemodule;
				VALIDATE_PRODUCT = YES;
			};
			name = Release;
		};
		5BA38E1B306D8FBD000A6429 /* Debug configuration for PBXNativeTarget "Course 2 Assessment Personality Quiz Project" */ = {
			isa = XCBuildConfiguration;
			buildSettings = {
				ASSETCATALOG_COMPILER_APPICON_NAME = AppIcon;
				ASSETCATALOG_COMPILER_GLOBAL_ACCENT_COLOR_NAME = AccentColor;
				CODE_SIGN_STYLE = Automatic;
				CURRENT_PROJECT_VERSION = 1;
				DEVELOPMENT_TEAM = 5N3AP5X86Z;
				ENABLE_PREVIEWS = YES;
				GENERATE_INFOPLIST_FILE = YES;
				INFOPLIST_KEY_UIApplicationSceneManifest_Generation = YES;
				INFOPLIST_KEY_UIApplicationSupportsIndirectInputEvents = YES;
				INFOPLIST_KEY_UILaunchScreen_Generation = YES;
				INFOPLIST_KEY_UISupportedInterfaceOrientations_iPad = "UIInterfaceOrientationPortrait UIInterfaceOrientationPortraitUpsideDown UIInterfaceOrientationLandscapeLeft UIInterfaceOrientationLandscapeRight";
				INFOPLIST_KEY_UISupportedInterfaceOrientations_iPhone = "UIInterfaceOrientationPortrait UIInterfaceOrientationLandscapeLeft UIInterfaceOrientationLandscapeRight";
				LD_RUNPATH_SEARCH_PATHS = (
					"$(inherited)",
					"@executable_path/Frameworks",
				);
				MARKETING_VERSION = 1.0;
				PRODUCT_BUNDLE_IDENTIFIER = "com.mountainlandTech.Course-2-Assessment--Personality-Quiz-Project";
				PRODUCT_NAME = "$(TARGET_NAME)";
				STRING_CATALOG_GENERATE_SYMBOLS = YES;
				SWIFT_APPROACHABLE_CONCURRENCY = YES;
				SWIFT_DEFAULT_ACTOR_ISOLATION = MainActor;
				SWIFT_EMIT_LOC_STRINGS = YES;
				SWIFT_UPCOMING_FEATURE_MEMBER_IMPORT_VISIBILITY = YES;
				SWIFT_VERSION = 5.0;
				TARGETED_DEVICE_FAMILY = "1,2";
			};
			name = Debug;
		};
		5BA38E1C306D8FBD000A6429 /* Release configuration for PBXNativeTarget "Course 2 Assessment Personality Quiz Project" */ = {
			isa = XCBuildConfiguration;
			buildSettings = {
				ASSETCATALOG_COMPILER_APPICON_NAME = AppIcon;
				ASSETCATALOG_COMPILER_GLOBAL_ACCENT_COLOR_NAME = AccentColor;
				CODE_SIGN_STYLE = Automatic;
				CURRENT_PROJECT_VERSION = 1;
				DEVELOPMENT_TEAM = 5N3AP5X86Z;
				ENABLE_PREVIEWS = YES;
				GENERATE_INFOPLIST_FILE = YES;
				INFOPLIST_KEY_UIApplicationSceneManifest_Generation = YES;
				INFOPLIST_KEY_UIApplicationSupportsIndirectInputEvents = YES;
				INFOPLIST_KEY_UILaunchScreen_Generation = YES;
				INFOPLIST_KEY_UISupportedInterfaceOrientations_iPad = "UIInterfaceOrientationPortrait UIInterfaceOrientationPortraitUpsideDown UIInterfaceOrientationLandscapeLeft UIInterfaceOrientationLandscapeRight";
				INFOPLIST_KEY_UISupportedInterfaceOrientations_iPhone = "UIInterfaceOrientationPortrait UIInterfaceOrientationLandscapeLeft UIInterfaceOrientationLandscapeRight";
				LD_RUNPATH_SEARCH_PATHS = (
					"$(inherited)",
					"@executable_path/Frameworks",
				);
				MARKETING_VERSION = 1.0;
				PRODUCT_BUNDLE_IDENTIFIER = "com.mountainlandTech.Course-2-Assessment--Personality-Quiz-Project";
				PRODUCT_NAME = "$(TARGET_NAME)";
				STRING_CATALOG_GENERATE_SYMBOLS = YES;
				SWIFT_APPROACHABLE_CONCURRENCY = YES;
				SWIFT_DEFAULT_ACTOR_ISOLATION = MainActor;
				SWIFT_EMIT_LOC_STRINGS = YES;
				SWIFT_UPCOMING_FEATURE_MEMBER_IMPORT_VISIBILITY = YES;
				SWIFT_VERSION = 5.0;
				TARGETED_DEVICE_FAMILY = "1,2";
			};
			name = Release;
		};
/* End XCBuildConfiguration section */

/* Begin XCConfigurationList section */
		5BA38E0A306D8FBB000A6429 /* Build configuration list for PBXProject "Course 2 Assessment Personality Quiz Project" */ = {
			isa = XCConfigurationList;
			buildConfigurations = (
				5BA38E18306D8FBD000A6429 /* Debug configuration for PBXProject "Course 2 Assessment Personality Quiz Project" */,
				5BA38E19306D8FBD000A6429 /* Release configuration for PBXProject "Course 2 Assessment Personality Quiz Project" */,
			);
			defaultConfigurationName = Release;
		};
		5BA38E1A306D8FBD000A6429 /* Build configuration list for PBXNativeTarget "Course 2 Assessment Personality Quiz Project" */ = {
			isa = XCConfigurationList;
			buildConfigurations = (
				5BA38E1B306D8FBD000A6429 /* Debug configuration for PBXNativeTarget "Course 2 Assessment Personality Quiz Project" */,
				5BA38E1C306D8FBD000A6429 /* Release configuration for PBXNativeTarget "Course 2 Assessment Personality Quiz Project" */,
			);
			defaultConfigurationName = Release;
		};
/* End XCConfigurationList section */
	};
	rootObject = 5BA38E07306D8FBB000A6429 /* Project object */;
	validationLevel = 1;
}
